PODS:
  - Firebase/CoreOnly (12.12.1):
    - FirebaseCore (~> 12.12.1)
  - Firebase/Messaging (12.12.1):
    - Firebase/CoreOnly
    - FirebaseMessaging (~> 12.12.0)
  - firebase_core (4.7.0):
    - Firebase/CoreOnly (= 12.12.1)
    - Flutter
  - firebase_messaging (16.2.0):
    - Firebase/Messaging (= 12.12.1)
    - firebase_core
    - Flutter
  - FirebaseCore (12.12.1):
    - FirebaseCoreInternal (~> 12.12.0)
    - GoogleUtilities/Environment (~> 8.1)
    - GoogleUtilities/Logger (~> 8.1)
  - FirebaseCoreInternal (12.12.0):
    - "GoogleUtilities/NSData+zlib (~> 8.1)"
  - FirebaseInstallations (12.12.0):
    - FirebaseCore (~> 12.12.0)
    - GoogleUtilities/Environment (~> 8.1)
    - GoogleUtilities/UserDefaults (~> 8.1)
    - PromisesObjC (~> 2.4)
  - FirebaseMessaging (12.12.0):
    - FirebaseCore (~> 12.12.0)
    - FirebaseInstallations (~> 12.12.0)
    - GoogleDataTransport (~> 10.1)
    - GoogleUtilities/AppDelegateSwizzler (~> 8.1)
    - GoogleUtilities/Environment (~> 8.1)
    - GoogleUtilities/Reachability (~> 8.1)
    - GoogleUtilities/UserDefaults (~> 8.1)
    - nanopb (~> 3.30910.0)
  - Flutter (1.0.0)
  - flutter_local_notifications (0.0.1):
    - Flutter
  - GoogleDataTransport (10.1.0):
    - nanopb (~> 3.30910.0)
    - PromisesObjC (~> 2.4)
  - GoogleUtilities/AppDelegateSwizzler (8.1.0):
    - GoogleUtilities/Environment
    - GoogleUtilities/Logger
    - GoogleUtilities/Network
    - GoogleUtilities/Privacy
  - GoogleUtilities/Environment (8.1.0):
    - GoogleUtilities/Privacy
  - GoogleUtilities/Logger (8.1.0):
    - GoogleUtilities/Environment
    - GoogleUtilities/Privacy
  - GoogleUtilities/Network (8.1.0):
    - GoogleUtilities/Logger
    - "GoogleUtilities/NSData+zlib"
    - GoogleUtilities/Privacy
    - GoogleUtilities/Reachability
  - "GoogleUtilities/NSData+zlib (8.1.0)":
    - GoogleUtilities/Privacy
  - GoogleUtilities/Privacy (8.1.0)
  - GoogleUtilities/Reachability (8.1.0):
    - GoogleUtilities/Logger
    - GoogleUtilities/Privacy
  - GoogleUtilities/UserDefaults (8.1.0):
    - GoogleUtilities/Logger
    - GoogleUtilities/Privacy
  - nanopb (3.30910.0):
    - nanopb/decode (= 3.30910.0)
    - nanopb/encode (= 3.30910.0)
  - nanopb/decode (3.30910.0)
  - nanopb/encode (3.30910.0)
  - PromisesObjC (2.4.0)
  - shared_preferences_foundation (0.0.1):
    - Flutter
    - FlutterMacOS

DEPENDENCIES:
  - Firebase/CoreOnly (from `/tmp/firebase-ios-sdk-CocoaPods-12.12.1`)
  - Firebase/Messaging (from `/tmp/firebase-ios-sdk-CocoaPods-12.12.1`)
  - firebase_core (from `.symlinks/plugins/firebase_core/ios`)
  - firebase_messaging (from `.symlinks/plugins/firebase_messaging/ios`)
  - FirebaseCore (from `/tmp/firebase-ios-sdk-CocoaPods-12.12.1`)
  - FirebaseCoreInternal (from `/tmp/firebase-ios-sdk-CocoaPods-12.12.1`)
  - FirebaseInstallations (from `/tmp/firebase-ios-sdk-CocoaPods-12.12.1`)
  - FirebaseMessaging (from `/tmp/firebase-ios-sdk-CocoaPods-12.12.1`)
  - Flutter (from `Flutter`)
  - flutter_local_notifications (from `.symlinks/plugins/flutter_local_notifications/ios`)
  - shared_preferences_foundation (from `.symlinks/plugins/shared_preferences_foundation/darwin`)

SPEC REPOS:
  trunk:
    - GoogleDataTransport
    - GoogleUtilities
    - nanopb
    - PromisesObjC

EXTERNAL SOURCES:
  Firebase:
    :path: "/tmp/firebase-ios-sdk-CocoaPods-12.12.1"
  firebase_core:
    :path: ".symlinks/plugins/firebase_core/ios"
  firebase_messaging:
    :path: ".symlinks/plugins/firebase_messaging/ios"
  FirebaseCore:
    :path: "/tmp/firebase-ios-sdk-CocoaPods-12.12.1"
  FirebaseCoreInternal:
    :path: "/tmp/firebase-ios-sdk-CocoaPods-12.12.1"
  FirebaseInstallations:
    :path: "/tmp/firebase-ios-sdk-CocoaPods-12.12.1"
  FirebaseMessaging:
    :path: "/tmp/firebase-ios-sdk-CocoaPods-12.12.1"
  Flutter:
    :path: Flutter
  flutter_local_notifications:
    :path: ".symlinks/plugins/flutter_local_notifications/ios"
  shared_preferences_foundation:
    :path: ".symlinks/plugins/shared_preferences_foundation/darwin"

SPEC CHECKSUMS:
  Firebase: c904d1359de699e0923df6e0bc27471f96a52a9e
  firebase_core: 6fff6fa5b0d51e62d31a4a66d8641d433e51cb2d
  firebase_messaging: b29e88877968a85804c1a6465c76dd1f03fbe046
  FirebaseCore: 520dbc5df78af3f2081a571eb6a7ba46be0d3559
  FirebaseCoreInternal: 7c12fc3011d889085e765e317d7b9fd1cef97af9
  FirebaseInstallations: e23b13fc0f33b8b54ea3a664aa39045ba1ebf48d
  FirebaseMessaging: 6d212ba8b23531b452749bd2751d9cfcd950f6ee
  Flutter: cabc95a1d2626b1b06e7179b784ebcf0c0cde467
  flutter_local_notifications: 643a3eda1ce1c0599413ca31672536d423dee214
  GoogleDataTransport: aae35b7ea0c09004c3797d53c8c41f66f219d6a7
  GoogleUtilities: 00c88b9a86066ef77f0da2fab05f65d7768ed8e1
  nanopb: fad817b59e0457d11a5dfbde799381cd727c1275
  PromisesObjC: f5707f49cb48b9636751c5b2e7d227e43fba9f47
  shared_preferences_foundation: 7036424c3d8ec98dfe75ff1667cb0cd531ec82bb

PODFILE CHECKSUM: 3ff218ffa2eb7a327ea4f3790378ff6904fd415f

COCOAPODS: 1.16.2
